
Microsoft Visual Studio Solution File, Format Version 12.00
# Visual Studio Version 17
VisualStudioVersion = 17.0.31903.59
MinimumVisualStudioVersion = 10.0.40219.1
Project("{FAE04EC0-301F-11D3-BF4B-00C04F79EFBC}") = "RouteXia.App", "RouteXia.App\RouteXia.App.csproj", "{478D1A9B-8089-48C3-99A1-7B534DFB4F4C}"
EndProject
Project("{FAE04EC0-301F-11D3-BF4B-00C04F79EFBC}") = "RouteXia.VpnClient", "RouteXia.VpnClient\RouteXia.VpnClient.csproj", "{761BCCFB-A1B1-4997-9E12-EBA44CDAC523}"
EndProject
Project("{FAE04EC0-301F-11D3-BF4B-00C04F79EFBC}") = "RouteXia.WfpFilter", "RouteXia.WfpFilter\RouteXia.WfpFilter.csproj", "{A1B2C3D4-E5F6-7890-ABCD-EF1234567890}"
EndProject
Global
	GlobalSection(SolutionConfigurationPlatforms) = preSolution
		Debug|Any CPU = Debug|Any CPU
		Debug|x64 = Debug|x64
		Release|Any CPU = Release|Any CPU
		Release|x64 = Release|x64
	EndGlobalSection
	GlobalSection(ProjectConfigurationPlatforms) = postSolution
		{478D1A9B-8089-48C3-99A1-7B534DFB4F4C}.Debug|Any CPU.ActiveCfg = Debug|x64
		{478D1A9B-8089-48C3-99A1-7B534DFB4F4C}.Debug|Any CPU.Build.0 = Debug|x64
		{478D1A9B-8089-48C3-99A1-7B534DFB4F4C}.Debug|x64.ActiveCfg = Debug|x64
		{478D1A9B-8089-48C3-99A1-7B534DFB4F4C}.Debug|x64.Build.0 = Debug|x64
		{478D1A9B-8089-48C3-99A1-7B534DFB4F4C}.Release|Any CPU.ActiveCfg = Release|x64
		{478D1A9B-8089-48C3-99A1-7B534DFB4F4C}.Release|Any CPU.Build.0 = Release|x64
		{478D1A9B-8089-48C3-99A1-7B534DFB4F4C}.Release|x64.ActiveCfg = Release|x64
		{478D1A9B-8089-48C3-99A1-7B534DFB4F4C}.Release|x64.Build.0 = Release|x64
		{761BCCFB-A1B1-4997-9E12-EBA44CDAC523}.Debug|Any CPU.ActiveCfg = Debug|Any CPU
		{761BCCFB-A1B1-4997-9E12-EBA44CDAC523}.Debug|Any CPU.Build.0 = Debug|Any CPU
		{761BCCFB-A1B1-4997-9E12-EBA44CDAC523}.Debug|x64.ActiveCfg = Debug|Any CPU
		{761BCCFB-A1B1-4997-9E12-EBA44CDAC523}.Debug|x64.Build.0 = Debug|Any CPU
		{761BCCFB-A1B1-4997-9E12-EBA44CDAC523}.Release|Any CPU.ActiveCfg = Release|Any CPU
		{761BCCFB-A1B1-4997-9E12-EBA44CDAC523}.Release|Any CPU.Build.0 = Release|Any CPU
		{761BCCFB-A1B1-4997-9E12-EBA44CDAC523}.Release|x64.ActiveCfg = Release|Any CPU
		{761BCCFB-A1B1-4997-9E12-EBA44CDAC523}.Release|x64.Build.0 = Release|Any CPU
		{A1B2C3D4-E5F6-7890-ABCD-EF1234567890}.Debug|Any CPU.ActiveCfg = Debug|Any CPU
		{A1B2C3D4-E5F6-7890-ABCD-EF1234567890}.Debug|Any CPU.Build.0 = Debug|Any CPU
		{A1B2C3D4-E5F6-7890-ABCD-EF1234567890}.Debug|x64.ActiveCfg = Debug|Any CPU
		{A1B2C3D4-E5F6-7890-ABCD-EF1234567890}.Debug|x64.Build.0 = Debug|Any CPU
		{A1B2C3D4-E5F6-7890-ABCD-EF1234567890}.Release|Any CPU.ActiveCfg = Release|Any CPU
		{A1B2C3D4-E5F6-7890-ABCD-EF1234567890}.Release|Any CPU.Build.0 = Release|Any CPU
		{A1B2C3D4-E5F6-7890-ABCD-EF1234567890}.Release|x64.ActiveCfg = Release|Any CPU
		{A1B2C3D4-E5F6-7890-ABCD-EF1234567890}.Release|x64.Build.0 = Release|Any CPU
	EndGlobalSection
	GlobalSection(SolutionProperties) = preSolution
		HideSolutionNode = FALSE
	EndGlobalSection
EndGlobal
